
Microsoft Visual Studio Solution File, Format Version 12.00
# Visual Studio Version 16
VisualStudioVersion = 16.0.29020.237
MinimumVisualStudioVersion = 10.0.40219.1
Project("{FAE04EC0-301F-11D3-BF4B-00C04F79EFBC}") = "LesApp0", "LesApp0\LesApp0.csproj", "{1328A5FA-D3A7-476B-A4AC-F30A425005B5}"
EndProject
Project("{FAE04EC0-301F-11D3-BF4B-00C04F79EFBC}") = "LesApp1", "LesApp1\LesApp1.csproj", "{04112331-537D-43AF-88EC-D8C14E0BCA28}"
EndProject
Project("{FAE04EC0-301F-11D3-BF4B-00C04F79EFBC}") = "LesApp2", "LesApp2\LesApp2.csproj", "{C7580A22-72B9-4A4E-B9DC-BB232F9C2189}"
EndProject
Project("{FAE04EC0-301F-11D3-BF4B-00C04F79EFBC}") = "LesApp3", "LesApp3\LesApp3.csproj", "{B498CA70-10A8-44C1-82E0-B7CA29406B75}"
EndProject
Global
	GlobalSection(SolutionConfigurationPlatforms) = preSolution
		Debug|Any CPU = Debug|Any CPU
		Release|Any CPU = Release|Any CPU
	EndGlobalSection
	GlobalSection(ProjectConfigurationPlatforms) = postSolution
		{1328A5FA-D3A7-476B-A4AC-F30A425005B5}.Debug|Any CPU.ActiveCfg = Debug|Any CPU
		{1328A5FA-D3A7-476B-A4AC-F30A425005B5}.Debug|Any CPU.Build.0 = Debug|Any CPU
		{1328A5FA-D3A7-476B-A4AC-F30A425005B5}.Release|Any CPU.ActiveCfg = Release|Any CPU
		{1328A5FA-D3A7-476B-A4AC-F30A425005B5}.Release|Any CPU.Build.0 = Release|Any CPU
		{04112331-537D-43AF-88EC-D8C14E0BCA28}.Debug|Any CPU.ActiveCfg = Debug|Any CPU
		{04112331-537D-43AF-88EC-D8C14E0BCA28}.Debug|Any CPU.Build.0 = Debug|Any CPU
		{04112331-537D-43AF-88EC-D8C14E0BCA28}.Release|Any CPU.ActiveCfg = Release|Any CPU
		{04112331-537D-43AF-88EC-D8C14E0BCA28}.Release|Any CPU.Build.0 = Release|Any CPU
		{C7580A22-72B9-4A4E-B9DC-BB232F9C2189}.Debug|Any CPU.ActiveCfg = Debug|Any CPU
		{C7580A22-72B9-4A4E-B9DC-BB232F9C2189}.Debug|Any CPU.Build.0 = Debug|Any CPU
		{C7580A22-72B9-4A4E-B9DC-BB232F9C2189}.Release|Any CPU.ActiveCfg = Release|Any CPU
		{C7580A22-72B9-4A4E-B9DC-BB232F9C2189}.Release|Any CPU.Build.0 = Release|Any CPU
		{B498CA70-10A8-44C1-82E0-B7CA29406B75}.Debug|Any CPU.ActiveCfg = Debug|Any CPU
		{B498CA70-10A8-44C1-82E0-B7CA29406B75}.Debug|Any CPU.Build.0 = Debug|Any CPU
		{B498CA70-10A8-44C1-82E0-B7CA29406B75}.Release|Any CPU.ActiveCfg = Release|Any CPU
		{B498CA70-10A8-44C1-82E0-B7CA29406B75}.Release|Any CPU.Build.0 = Release|Any CPU
	EndGlobalSection
	GlobalSection(SolutionProperties) = preSolution
		HideSolutionNode = FALSE
	EndGlobalSection
	GlobalSection(ExtensibilityGlobals) = postSolution
		SolutionGuid = {26417AFC-B1F8-4464-AAAA-F024AE44C9F1}
	EndGlobalSection
EndGlobal
